
Microsoft Visual Studio Solution File, Format Version 12.00
# Visual Studio 15
VisualStudioVersion = 15.0.26730.10
MinimumVisualStudioVersion = 10.0.40219.1
Project("{9A19103F-16F7-4668-BE54-9A1E7A4F7556}") = "CoreQuizz.WebService", "CoreQuizz.WebService\CoreQuizz.WebService.csproj", "{0C7FA815-1F20-4C80-AF8B-1ED546F63AA7}"
EndProject
Project("{9A19103F-16F7-4668-BE54-9A1E7A4F7556}") = "CoreQuizz.Shared", "CoreQuizz.Shared\CoreQuizz.Shared.csproj", "{49A2705C-03C5-48AC-B585-483AA1A564E3}"
EndProject
Project("{9A19103F-16F7-4668-BE54-9A1E7A4F7556}") = "CoreQuizz.DataAccess", "CoreQuizz.DataAccess\CoreQuizz.DataAccess.csproj", "{40FC7B9D-B35C-49C2-84EB-3B85C0BE644B}"
EndProject
Project("{9A19103F-16F7-4668-BE54-9A1E7A4F7556}") = "CoreQuizz.BAL", "CoreQuizz.BAL\CoreQuizz.BAL.csproj", "{5F5CE949-6ACE-4042-802D-F203F4453271}"
EndProject
Project("{9A19103F-16F7-4668-BE54-9A1E7A4F7556}") = "CoreQuizz.DataAccess.Contract", "CoreQuizz.DataAccess.Contract\CoreQuizz.DataAccess.Contract.csproj", "{A2AFA23B-F456-49F8-A00F-9EA2C37F2D0E}"
EndProject
Project("{9A19103F-16F7-4668-BE54-9A1E7A4F7556}") = "CoreQuizz.Queries", "CoreQuizz.Queries\CoreQuizz.Queries.csproj", "{26A07982-44BA-4CF6-A47F-D7E4DEEF7356}"
EndProject
Project("{9A19103F-16F7-4668-BE54-9A1E7A4F7556}") = "CoreQuizz.Commands.Contract", "CoreQuizz.Commands.Contract\CoreQuizz.Commands.Contract.csproj", "{D98D5E6F-F442-4DC2-8600-05AB9AC72E7E}"
EndProject
Project("{2150E333-8FDC-42A3-9474-1A3956D46DE8}") = "CQS-DAL", "CQS-DAL", "{00CC10BA-47E9-4521-9638-A69BBAABC8CE}"
EndProject
Project("{9A19103F-16F7-4668-BE54-9A1E7A4F7556}") = "CoreQuizz.Queries.Contract", "CoreQuizz.Queries.Contract\CoreQuizz.Queries.Contract.csproj", "{E0B06AF1-EA90-4717-8E55-97860A367A2C}"
EndProject
Project("{2150E333-8FDC-42A3-9474-1A3956D46DE8}") = "DAL", "DAL", "{942464AA-255D-4AB7-AEAC-5508224891AF}"
EndProject
Project("{2150E333-8FDC-42A3-9474-1A3956D46DE8}") = "BAL", "BAL", "{6E9002DD-77CA-4D64-AA18-EE83664EA470}"
EndProject
Project("{2150E333-8FDC-42A3-9474-1A3956D46DE8}") = "src", "src", "{A28465C2-22BA-4F6C-BAD5-FDFB8CC62CE8}"
EndProject
Project("{2150E333-8FDC-42A3-9474-1A3956D46DE8}") = "WEB", "WEB", "{A951B5A8-19F4-4C33-8BA1-B4C1CA9BAC21}"
EndProject
Project("{FAE04EC0-301F-11D3-BF4B-00C04F79EFBC}") = "CoreQuizz.Commands", "CoreQuizz.Commands\CoreQuizz.Commands.csproj", "{B414384C-CB11-40A9-B14B-B52D92A8390B}"
EndProject
Global
	GlobalSection(SolutionConfigurationPlatforms) = preSolution
		Debug|Any CPU = Debug|Any CPU
		Release|Any CPU = Release|Any CPU
	EndGlobalSection
	GlobalSection(ProjectConfigurationPlatforms) = postSolution
		{0C7FA815-1F20-4C80-AF8B-1ED546F63AA7}.Debug|Any CPU.ActiveCfg = Debug|Any CPU
		{0C7FA815-1F20-4C80-AF8B-1ED546F63AA7}.Debug|Any CPU.Build.0 = Debug|Any CPU
		{0C7FA815-1F20-4C80-AF8B-1ED546F63AA7}.Release|Any CPU.ActiveCfg = Release|Any CPU
		{0C7FA815-1F20-4C80-AF8B-1ED546F63AA7}.Release|Any CPU.Build.0 = Release|Any CPU
		{49A2705C-03C5-48AC-B585-483AA1A564E3}.Debug|Any CPU.ActiveCfg = Debug|Any CPU
		{49A2705C-03C5-48AC-B585-483AA1A564E3}.Debug|Any CPU.Build.0 = Debug|Any CPU
		{49A2705C-03C5-48AC-B585-483AA1A564E3}.Release|Any CPU.ActiveCfg = Release|Any CPU
		{49A2705C-03C5-48AC-B585-483AA1A564E3}.Release|Any CPU.Build.0 = Release|Any CPU
		{40FC7B9D-B35C-49C2-84EB-3B85C0BE644B}.Debug|Any CPU.ActiveCfg = Debug|Any CPU
		{40FC7B9D-B35C-49C2-84EB-3B85C0BE644B}.Debug|Any CPU.Build.0 = Debug|Any CPU
		{40FC7B9D-B35C-49C2-84EB-3B85C0BE644B}.Release|Any CPU.ActiveCfg = Release|Any CPU
		{40FC7B9D-B35C-49C2-84EB-3B85C0BE644B}.Release|Any CPU.Build.0 = Release|Any CPU
		{5F5CE949-6ACE-4042-802D-F203F4453271}.Debug|Any CPU.ActiveCfg = Debug|Any CPU
		{5F5CE949-6ACE-4042-802D-F203F4453271}.Debug|Any CPU.Build.0 = Debug|Any CPU
		{5F5CE949-6ACE-4042-802D-F203F4453271}.Release|Any CPU.ActiveCfg = Release|Any CPU
		{5F5CE949-6ACE-4042-802D-F203F4453271}.Release|Any CPU.Build.0 = Release|Any CPU
		{A2AFA23B-F456-49F8-A00F-9EA2C37F2D0E}.Debug|Any CPU.ActiveCfg = Debug|Any CPU
		{A2AFA23B-F456-49F8-A00F-9EA2C37F2D0E}.Debug|Any CPU.Build.0 = Debug|Any CPU
		{A2AFA23B-F456-49F8-A00F-9EA2C37F2D0E}.Release|Any CPU.ActiveCfg = Release|Any CPU
		{A2AFA23B-F456-49F8-A00F-9EA2C37F2D0E}.Release|Any CPU.Build.0 = Release|Any CPU
		{26A07982-44BA-4CF6-A47F-D7E4DEEF7356}.Debug|Any CPU.ActiveCfg = Debug|Any CPU
		{26A07982-44BA-4CF6-A47F-D7E4DEEF7356}.Debug|Any CPU.Build.0 = Debug|Any CPU
		{26A07982-44BA-4CF6-A47F-D7E4DEEF7356}.Release|Any CPU.ActiveCfg = Release|Any CPU
		{26A07982-44BA-4CF6-A47F-D7E4DEEF7356}.Release|Any CPU.Build.0 = Release|Any CPU
		{D98D5E6F-F442-4DC2-8600-05AB9AC72E7E}.Debug|Any CPU.ActiveCfg = Debug|Any CPU
		{D98D5E6F-F442-4DC2-8600-05AB9AC72E7E}.Debug|Any CPU.Build.0 = Debug|Any CPU
		{D98D5E6F-F442-4DC2-8600-05AB9AC72E7E}.Release|Any CPU.ActiveCfg = Release|Any CPU
		{D98D5E6F-F442-4DC2-8600-05AB9AC72E7E}.Release|Any CPU.Build.0 = Release|Any CPU
		{E0B06AF1-EA90-4717-8E55-97860A367A2C}.Debug|Any CPU.ActiveCfg = Debug|Any CPU
		{E0B06AF1-EA90-4717-8E55-97860A367A2C}.Debug|Any CPU.Build.0 = Debug|Any CPU
		{E0B06AF1-EA90-4717-8E55-97860A367A2C}.Release|Any CPU.ActiveCfg = Release|Any CPU
		{E0B06AF1-EA90-4717-8E55-97860A367A2C}.Release|Any CPU.Build.0 = Release|Any CPU
		{B414384C-CB11-40A9-B14B-B52D92A8390B}.Debug|Any CPU.ActiveCfg = Debug|Any CPU
		{B414384C-CB11-40A9-B14B-B52D92A8390B}.Debug|Any CPU.Build.0 = Debug|Any CPU
		{B414384C-CB11-40A9-B14B-B52D92A8390B}.Release|Any CPU.ActiveCfg = Release|Any CPU
		{B414384C-CB11-40A9-B14B-B52D92A8390B}.Release|Any CPU.Build.0 = Release|Any CPU
	EndGlobalSection
	GlobalSection(SolutionProperties) = preSolution
		HideSolutionNode = FALSE
	EndGlobalSection
	GlobalSection(NestedProjects) = preSolution
		{0C7FA815-1F20-4C80-AF8B-1ED546F63AA7} = {A951B5A8-19F4-4C33-8BA1-B4C1CA9BAC21}
		{49A2705C-03C5-48AC-B585-483AA1A564E3} = {A28465C2-22BA-4F6C-BAD5-FDFB8CC62CE8}
		{40FC7B9D-B35C-49C2-84EB-3B85C0BE644B} = {942464AA-255D-4AB7-AEAC-5508224891AF}
		{5F5CE949-6ACE-4042-802D-F203F4453271} = {6E9002DD-77CA-4D64-AA18-EE83664EA470}
		{A2AFA23B-F456-49F8-A00F-9EA2C37F2D0E} = {942464AA-255D-4AB7-AEAC-5508224891AF}
		{26A07982-44BA-4CF6-A47F-D7E4DEEF7356} = {00CC10BA-47E9-4521-9638-A69BBAABC8CE}
		{D98D5E6F-F442-4DC2-8600-05AB9AC72E7E} = {00CC10BA-47E9-4521-9638-A69BBAABC8CE}
		{00CC10BA-47E9-4521-9638-A69BBAABC8CE} = {A28465C2-22BA-4F6C-BAD5-FDFB8CC62CE8}
		{E0B06AF1-EA90-4717-8E55-97860A367A2C} = {00CC10BA-47E9-4521-9638-A69BBAABC8CE}
		{942464AA-255D-4AB7-AEAC-5508224891AF} = {A28465C2-22BA-4F6C-BAD5-FDFB8CC62CE8}
		{6E9002DD-77CA-4D64-AA18-EE83664EA470} = {A28465C2-22BA-4F6C-BAD5-FDFB8CC62CE8}
		{A951B5A8-19F4-4C33-8BA1-B4C1CA9BAC21} = {A28465C2-22BA-4F6C-BAD5-FDFB8CC62CE8}
		{B414384C-CB11-40A9-B14B-B52D92A8390B} = {00CC10BA-47E9-4521-9638-A69BBAABC8CE}
	EndGlobalSection
	GlobalSection(ExtensibilityGlobals) = postSolution
		SolutionGuid = {2D359840-DE48-426C-9763-AD5EBF02DBAC}
	EndGlobalSection
EndGlobal
